hash: 28e74e5dfd7dc7d5db48bd1444860e6a6f78c3a8209f03f92e89f6415c5c8c07
updated: 2018-06-12T00:35:05.092920591+02:00
imports:
- name: github.com/cenkalti/backoff
  version: f756bc9a37f808627c8c1b26d2d6ea40c468440b
- name: github.com/golang/protobuf
  version: b4deda0973fb4c70b50d226b1af49f3da59f5265
  subpackages:
  - proto
- name: github.com/gorilla/websocket
  version: ea4d1f681babbce9545c9c5f3d5194a789c89f5b
- name: github.com/hailocab/go-hostpool
  version: e80d13ce29ede4452c43dea11e79b9bc8a15b478
- name: github.com/opentracing/opentracing-go
  version: 1949ddbfd147afd4d964a9f00b24eb291e0e7c38
  subpackages:
  - ext
  - log
- name: github.com/pkg/errors
  version: 645ef00459ed84a119197bfb8d8205042c6df63d
- name: github.com/sirupsen/logrus
  version: c155da19408a8799da419ed3eeb0cb5db0ad5dbc
  repo: git@github.com:sirupsen/logrus.git
- name: golang.org/x/crypto
  version: 8ac0e0d97ce45cd83d1d7243c060cb8461dda5e9
  subpackages:
  - pbkdf2
  - ssh/terminal
- name: golang.org/x/net
  version: 1c05540f6879653db88113bc4a2b70aec4bd491f
  subpackages:
  - context
- name: golang.org/x/sys
  version: 07c182904dbd53199946ba614a412c61d3c548f5
  subpackages:
  - unix
  - windows
- name: gopkg.in/fatih/pool.v2
  version: 010e0b745d12eaf8426c95f9c3924d81dd0b668f
- name: gopkg.in/gorethink/gorethink.v4
  version: eec03bd47cfc11965a9de004ff86add2a88e65b0
  subpackages:
  - encoding
  - ql2
  - types
testImports: []
